# This file is automatically @generated by Cargo.
# It is not intended for manual editing.
version = 4

[[package]]
name = "lbx"
version = "0.1.0"
dependencies = [
 "lockbox-auth",
 "lockbox-crypto",
 "lockbox-proto",
 "lockbox-store",
]

[[package]]
name = "lockbox-auth"
version = "0.1.0"

[[package]]
name = "lockbox-crypto"
version = "0.1.0"

[[package]]
name = "lockbox-proto"
version = "0.1.0"

[[package]]
name = "lockbox-store"
version = "0.1.0"

[[package]]
name = "server"
version = "0.1.0"
dependencies = [
 "lockbox-auth",
 "lockbox-crypto",
 "lockbox-proto",
 "lockbox-store",
]
